// !$*UTF8*$!
{
	archiveVersion = 1;
	classes = {
	};
	objectVersion = 56;
	objects = {

/* Begin PBXBuildFile section */
		99362A152958C0E800792041 /* Profile.swift in Sources */ = {isa = PBXBuildFile; fileRef = 99362A142958C0E800792041 /* Profile.swift */; };
		99362A172958C10700792041 /* ProfileHost.swift in Sources */ = {isa = PBXBuildFile; fileRef = 99362A162958C10700792041 /* ProfileHost.swift */; };
		99362A1A2958C12000792041 /* ProfileSummary.swift in Sources */ = {isa = PBXBuildFile; fileRef = 99362A192958C12000792041 /* ProfileSummary.swift */; };
		99368D8B2997FFF20005A169 /* Trip.swift in Sources */ = {isa = PBXBuildFile; fileRef = 99368D8A2997FFF20005A169 /* Trip.swift */; };
		99368D8C2998022F0005A169 /* demo_trip.json in Resources */ = {isa = PBXBuildFile; fileRef = 99368D892997FFCA0005A169 /* demo_trip.json */; };
		99368D8F299802FC0005A169 /* Point.swift in Sources */ = {isa = PBXBuildFile; fileRef = 99368D8E299802FC0005A169 /* Point.swift */; };
		99368D91299803830005A169 /* Distance.swift in Sources */ = {isa = PBXBuildFile; fileRef = 99368D90299803830005A169 /* Distance.swift */; };
		99368D93299803930005A169 /* Duration.swift in Sources */ = {isa = PBXBuildFile; fileRef = 99368D92299803930005A169 /* Duration.swift */; };
		99368D9529980D300005A169 /* TripStep.swift in Sources */ = {isa = PBXBuildFile; fileRef = 99368D9429980D300005A169 /* TripStep.swift */; };
		99368D9729980EE40005A169 /* Step.swift in Sources */ = {isa = PBXBuildFile; fileRef = 99368D9629980EE40005A169 /* Step.swift */; };
		993AB2672953BD9800885001 /* TripList.swift in Sources */ = {isa = PBXBuildFile; fileRef = 993AB2662953BD9800885001 /* TripList.swift */; };
		993AB2692953BE1300885001 /* TripDetail.swift in Sources */ = {isa = PBXBuildFile; fileRef = 993AB2682953BE1300885001 /* TripDetail.swift */; };
		993AB26B2953C3DC00885001 /* FavoriteButton.swift in Sources */ = {isa = PBXBuildFile; fileRef = 993AB26A2953C3DC00885001 /* FavoriteButton.swift */; };
		993AB26F2953C5A400885001 /* HexagonParameters.swift in Sources */ = {isa = PBXBuildFile; fileRef = 993AB26E2953C5A400885001 /* HexagonParameters.swift */; };
		9988B7B52958E7C00003E39B /* ProfileEditor.swift in Sources */ = {isa = PBXBuildFile; fileRef = 9988B7B42958E7C00003E39B /* ProfileEditor.swift */; };
		9988B7B72958F5FC0003E39B /* profileData.json in Resources */ = {isa = PBXBuildFile; fileRef = 9988B7B62958F5FC0003E39B /* profileData.json */; };
		999940E7295365B5001B5028 /* WildTourApp.swift in Sources */ = {isa = PBXBuildFile; fileRef = 999940E6295365B5001B5028 /* WildTourApp.swift */; };
		999940E9295365B5001B5028 /* ContentView.swift in Sources */ = {isa = PBXBuildFile; fileRef = 999940E8295365B5001B5028 /* ContentView.swift */; };
		999940EB295365B6001B5028 /* Assets.xcassets in Resources */ = {isa = PBXBuildFile; fileRef = 999940EA295365B6001B5028 /* Assets.xcassets */; };
		999940F8295365B6001B5028 /* WildTourTests.swift in Sources */ = {isa = PBXBuildFile; fileRef = 999940F7295365B6001B5028 /* WildTourTests.swift */; };
		99994102295365B6001B5028 /* WildTourUITests.swift in Sources */ = {isa = PBXBuildFile; fileRef = 99994101295365B6001B5028 /* WildTourUITests.swift */; };
		99994104295365B6001B5028 /* WildTourUITestsLaunchTests.swift in Sources */ = {isa = PBXBuildFile; fileRef = 99994103295365B6001B5028 /* WildTourUITestsLaunchTests.swift */; };
		9999411329538971001B5028 /* CircleImage.swift in Sources */ = {isa = PBXBuildFile; fileRef = 9999411229538971001B5028 /* CircleImage.swift */; };
		9999411529538AB6001B5028 /* MapView.swift in Sources */ = {isa = PBXBuildFile; fileRef = 9999411429538AB6001B5028 /* MapView.swift */; };
		9999411B2953B8B0001B5028 /* ModelData.swift in Sources */ = {isa = PBXBuildFile; fileRef = 9999411A2953B8B0001B5028 /* ModelData.swift */; };
		999941242953BA35001B5028 /* TripRow.swift in Sources */ = {isa = PBXBuildFile; fileRef = 999941232953BA35001B5028 /* TripRow.swift */; };
/* End PBXBuildFile section */

/* Begin PBXContainerItemProxy section */
		999940F4295365B6001B5028 /* PBXContainerItemProxy */ = {
			isa = PBXContainerItemProxy;
			containerPortal = 999940DB295365B5001B5028 /* Project object */;
			proxyType = 1;
			remoteGlobalIDString = 999940E2295365B5001B5028;
			remoteInfo = WildTour;
		};
		999940FE295365B6001B5028 /* PBXContainerItemProxy */ = {
			isa = PBXContainerItemProxy;
			containerPortal = 999940DB295365B5001B5028 /* Project object */;
			proxyType = 1;
			remoteGlobalIDString = 999940E2295365B5001B5028;
			remoteInfo = WildTour;
		};
/* End PBXContainerItemProxy section */

/* Begin PBXFileReference section */
		99362A142958C0E800792041 /* Profile.swift */ = {isa = PBXFileReference; lastKnownFileType = sourcecode.swift; path = Profile.swift; sourceTree = "<group>"; };
		99362A162958C10700792041 /* ProfileHost.swift */ = {isa = PBXFileReference; lastKnownFileType = sourcecode.swift; path = ProfileHost.swift; sourceTree = "<group>"; };
		99362A192958C12000792041 /* ProfileSummary.swift */ = {isa = PBXFileReference; lastKnownFileType = sourcecode.swift; path = ProfileSummary.swift; sourceTree = "<group>"; };
		99368D892997FFCA0005A169 /* demo_trip.json */ = {isa = PBXFileReference; lastKnownFileType = text.json; path = demo_trip.json; sourceTree = "<group>"; };
		99368D8A2997FFF20005A169 /* Trip.swift */ = {isa = PBXFileReference; lastKnownFileType = sourcecode.swift; path = Trip.swift; sourceTree = "<group>"; };
		99368D8E299802FC0005A169 /* Point.swift */ = {isa = PBXFileReference; lastKnownFileType = sourcecode.swift; path = Point.swift; sourceTree = "<group>"; };
		99368D90299803830005A169 /* Distance.swift */ = {isa = PBXFileReference; lastKnownFileType = sourcecode.swift; path = Distance.swift; sourceTree = "<group>"; };
		99368D92299803930005A169 /* Duration.swift */ = {isa = PBXFileReference; lastKnownFileType = sourcecode.swift; path = Duration.swift; sourceTree = "<group>"; };
		99368D9429980D300005A169 /* TripStep.swift */ = {isa = PBXFileReference; lastKnownFileType = sourcecode.swift; path = TripStep.swift; sourceTree = "<group>"; };
		99368D9629980EE40005A169 /* Step.swift */ = {isa = PBXFileReference; lastKnownFileType = sourcecode.swift; path = Step.swift; sourceTree = "<group>"; };
		993AB2662953BD9800885001 /* TripList.swift */ = {isa = PBXFileReference; lastKnownFileType = sourcecode.swift; path = TripList.swift; sourceTree = "<group>"; };
		993AB2682953BE1300885001 /* TripDetail.swift */ = {isa = PBXFileReference; lastKnownFileType = sourcecode.swift; path = TripDetail.swift; sourceTree = "<group>"; };
		993AB26A2953C3DC00885001 /* FavoriteButton.swift */ = {isa = PBXFileReference; lastKnownFileType = sourcecode.swift; path = FavoriteButton.swift; sourceTree = "<group>"; };
		993AB26E2953C5A400885001 /* HexagonParameters.swift */ = {isa = PBXFileReference; lastKnownFileType = sourcecode.swift; path = HexagonParameters.swift; sourceTree = "<group>"; };
		9988B7B42958E7C00003E39B /* ProfileEditor.swift */ = {isa = PBXFileReference; lastKnownFileType = sourcecode.swift; path = ProfileEditor.swift; sourceTree = "<group>"; };
		9988B7B62958F5FC0003E39B /* profileData.json */ = {isa = PBXFileReference; lastKnownFileType = text.json; path = profileData.json; sourceTree = "<group>"; };
		999940E3295365B5001B5028 /* WildTour.app */ = {isa = PBXFileReference; explicitFileType = wrapper.application; includeInIndex = 0; path = WildTour.app; sourceTree = BUILT_PRODUCTS_DIR; };
		999940E6295365B5001B5028 /* WildTourApp.swift */ = {isa = PBXFileReference; lastKnownFileType = sourcecode.swift; path = WildTourApp.swift; sourceTree = "<group>"; };
		999940E8295365B5001B5028 /* ContentView.swift */ = {isa = PBXFileReference; lastKnownFileType = sourcecode.swift; path = ContentView.swift; sourceTree = "<group>"; };
		999940EA295365B6001B5028 /* Assets.xcassets */ = {isa = PBXFileReference; lastKnownFileType = folder.assetcatalog; path = Assets.xcassets; sourceTree = "<group>"; };
		999940F3295365B6001B5028 /* WildTourTests.xctest */ = {isa = PBXFileReference; explicitFileType = wrapper.cfbundle; includeInIndex = 0; path = WildTourTests.xctest; sourceTree = BUILT_PRODUCTS_DIR; };
		999940F7295365B6001B5028 /* WildTourTests.swift */ = {isa = PBXFileReference; lastKnownFileType = sourcecode.swift; path = WildTourTests.swift; sourceTree = "<group>"; };
		999940FD295365B6001B5028 /* WildTourUITests.xctest */ = {isa = PBXFileReference; explicitFileType = wrapper.cfbundle; includeInIndex = 0; path = WildTourUITests.xctest; sourceTree = BUILT_PRODUCTS_DIR; };
		99994101295365B6001B5028 /* WildTourUITests.swift */ = {isa = PBXFileReference; lastKnownFileType = sourcecode.swift; path = WildTourUITests.swift; sourceTree = "<group>"; };
		99994103295365B6001B5028 /* WildTourUITestsLaunchTests.swift */ = {isa = PBXFileReference; lastKnownFileType = sourcecode.swift; path = WildTourUITestsLaunchTests.swift; sourceTree = "<group>"; };
		9999411229538971001B5028 /* CircleImage.swift */ = {isa = PBXFileReference; lastKnownFileType = sourcecode.swift; path = CircleImage.swift; sourceTree = "<group>"; };
		9999411429538AB6001B5028 /* MapView.swift */ = {isa = PBXFileReference; lastKnownFileType = sourcecode.swift; path = MapView.swift; sourceTree = "<group>"; };
		9999411A2953B8B0001B5028 /* ModelData.swift */ = {isa = PBXFileReference; lastKnownFileType = sourcecode.swift; path = ModelData.swift; sourceTree = "<group>"; };
		999941232953BA35001B5028 /* TripRow.swift */ = {isa = PBXFileReference; lastKnownFileType = sourcecode.swift; path = TripRow.swift; sourceTree = "<group>"; };
/* End PBXFileReference section */

/* Begin PBXFrameworksBuildPhase section */
		999940E0295365B5001B5028 /* Frameworks */ = {
			isa = PBXFrameworksBuildPhase;
			buildActionMask = 2147483647;
			files = (
			);
			runOnlyForDeploymentPostprocessing = 0;
		};
		999940F0295365B6001B5028 /* Frameworks */ = {
			isa = PBXFrameworksBuildPhase;
			buildActionMask = 2147483647;
			files = (
			);
			runOnlyForDeploymentPostprocessing = 0;
		};
		999940FA295365B6001B5028 /* Frameworks */ = {
			isa = PBXFrameworksBuildPhase;
			buildActionMask = 2147483647;
			files = (
			);
			runOnlyForDeploymentPostprocessing = 0;
		};
/* End PBXFrameworksBuildPhase section */

/* Begin PBXGroup section */
		99362A182958C11200792041 /* Profile */ = {
			isa = PBXGroup;
			children = (
				99362A162958C10700792041 /* ProfileHost.swift */,
				99362A192958C12000792041 /* ProfileSummary.swift */,
				9988B7B42958E7C00003E39B /* ProfileEditor.swift */,
			);
			path = Profile;
			sourceTree = "<group>";
		};
		99368D8D299802E70005A169 /* WT */ = {
			isa = PBXGroup;
			children = (
				99368D8A2997FFF20005A169 /* Trip.swift */,
				99368D8E299802FC0005A169 /* Point.swift */,
				99368D90299803830005A169 /* Distance.swift */,
				99368D92299803930005A169 /* Duration.swift */,
				99368D9629980EE40005A169 /* Step.swift */,
			);
			path = WT;
			sourceTree = "<group>";
		};
		99368D98299816860005A169 /* Detail */ = {
			isa = PBXGroup;
			children = (
				993AB2682953BE1300885001 /* TripDetail.swift */,
				99368D9429980D300005A169 /* TripStep.swift */,
			);
			path = Detail;
			sourceTree = "<group>";
		};
		993AB26C2953C40E00885001 /* Helpers */ = {
			isa = PBXGroup;
			children = (
				9999411229538971001B5028 /* CircleImage.swift */,
				9999411429538AB6001B5028 /* MapView.swift */,
				993AB26A2953C3DC00885001 /* FavoriteButton.swift */,
			);
			path = Helpers;
			sourceTree = "<group>";
		};
		993AB26D2953C42800885001 /* Trips */ = {
			isa = PBXGroup;
			children = (
				99368D98299816860005A169 /* Detail */,
				999941232953BA35001B5028 /* TripRow.swift */,
				993AB2662953BD9800885001 /* TripList.swift */,
			);
			path = Trips;
			sourceTree = "<group>";
		};
		999940DA295365B5001B5028 = {
			isa = PBXGroup;
			children = (
				999940E5295365B5001B5028 /* WildTour */,
				999940F6295365B6001B5028 /* WildTourTests */,
				99994100295365B6001B5028 /* WildTourUITests */,
				999940E4295365B5001B5028 /* Products */,
			);
			sourceTree = "<group>";
		};
		999940E4295365B5001B5028 /* Products */ = {
			isa = PBXGroup;
			children = (
				999940E3295365B5001B5028 /* WildTour.app */,
				999940F3295365B6001B5028 /* WildTourTests.xctest */,
				999940FD295365B6001B5028 /* WildTourUITests.xctest */,
			);
			name = Products;
			sourceTree = "<group>";
		};
		999940E5295365B5001B5028 /* WildTour */ = {
			isa = PBXGroup;
			children = (
				999941202953B9DA001B5028 /* Views */,
				9999411F2953B9BE001B5028 /* Resources */,
				9999411C2953B913001B5028 /* Model */,
				999940E6295365B5001B5028 /* WildTourApp.swift */,
				999940EA295365B6001B5028 /* Assets.xcassets */,
			);
			path = WildTour;
			sourceTree = "<group>";
		};
		999940F6295365B6001B5028 /* WildTourTests */ = {
			isa = PBXGroup;
			children = (
				999940F7295365B6001B5028 /* WildTourTests.swift */,
			);
			path = WildTourTests;
			sourceTree = "<group>";
		};
		99994100295365B6001B5028 /* WildTourUITests */ = {
			isa = PBXGroup;
			children = (
				99994101295365B6001B5028 /* WildTourUITests.swift */,
				99994103295365B6001B5028 /* WildTourUITestsLaunchTests.swift */,
			);
			path = WildTourUITests;
			sourceTree = "<group>";
		};
		9999411C2953B913001B5028 /* Model */ = {
			isa = PBXGroup;
			children = (
				99368D8D299802E70005A169 /* WT */,
				9999411A2953B8B0001B5028 /* ModelData.swift */,
				99362A142958C0E800792041 /* Profile.swift */,
			);
			path = Model;
			sourceTree = "<group>";
		};
		9999411F2953B9BE001B5028 /* Resources */ = {
			isa = PBXGroup;
			children = (
				9988B7B62958F5FC0003E39B /* profileData.json */,
				99368D892997FFCA0005A169 /* demo_trip.json */,
			);
			path = Resources;
			sourceTree = "<group>";
		};
		999941202953B9DA001B5028 /* Views */ = {
			isa = PBXGroup;
			children = (
				99362A182958C11200792041 /* Profile */,
				993AB26D2953C42800885001 /* Trips */,
				993AB26C2953C40E00885001 /* Helpers */,
				999940E8295365B5001B5028 /* ContentView.swift */,
				993AB26E2953C5A400885001 /* HexagonParameters.swift */,
			);
			path = Views;
			sourceTree = "<group>";
		};
/* End PBXGroup section */

/* Begin PBXNativeTarget section */
		999940E2295365B5001B5028 /* WildTour */ = {
			isa = PBXNativeTarget;
			buildConfigurationList = 99994107295365B6001B5028 /* Build configuration list for PBXNativeTarget "WildTour" */;
			buildPhases = (
				999940DF295365B5001B5028 /* Sources */,
				999940E0295365B5001B5028 /* Frameworks */,
				999940E1295365B5001B5028 /* Resources */,
			);
			buildRules = (
			);
			dependencies = (
			);
			name = WildTour;
			productName = WildTour;
			productReference = 999940E3295365B5001B5028 /* WildTour.app */;
			productType = "com.apple.product-type.application";
		};
		999940F2295365B6001B5028 /* WildTourTests */ = {
			isa = PBXNativeTarget;
			buildConfigurationList = 9999410A295365B6001B5028 /* Build configuration list for PBXNativeTarget "WildTourTests" */;
			buildPhases = (
				999940EF295365B6001B5028 /* Sources */,
				999940F0295365B6001B5028 /* Frameworks */,
				999940F1295365B6001B5028 /* Resources */,
			);
			buildRules = (
			);
			dependencies = (
				999940F5295365B6001B5028 /* PBXTargetDependency */,
			);
			name = WildTourTests;
			productName = WildTourTests;
			productReference = 999940F3295365B6001B5028 /* WildTourTests.xctest */;
			productType = "com.apple.product-type.bundle.unit-test";
		};
		999940FC295365B6001B5028 /* WildTourUITests */ = {
			isa = PBXNativeTarget;
			buildConfigurationList = 9999410D295365B6001B5028 /* Build configuration list for PBXNativeTarget "WildTourUITests" */;
			buildPhases = (
				999940F9295365B6001B5028 /* Sources */,
				999940FA295365B6001B5028 /* Frameworks */,
				999940FB295365B6001B5028 /* Resources */,
			);
			buildRules = (
			);
			dependencies = (
				999940FF295365B6001B5028 /* PBXTargetDependency */,
			);
			name = WildTourUITests;
			productName = WildTourUITests;
			productReference = 999940FD295365B6001B5028 /* WildTourUITests.xctest */;
			productType = "com.apple.product-type.bundle.ui-testing";
		};
/* End PBXNativeTarget section */

/* Begin PBXProject section */
		999940DB295365B5001B5028 /* Project object */ = {
			isa = PBXProject;
			attributes = {
				BuildIndependentTargetsInParallel = 1;
				LastSwiftUpdateCheck = 1420;
				LastUpgradeCheck = 1420;
				TargetAttributes = {
					999940E2295365B5001B5028 = {
						CreatedOnToolsVersion = 14.2;
					};
					999940F2295365B6001B5028 = {
						CreatedOnToolsVersion = 14.2;
						TestTargetID = 999940E2295365B5001B5028;
					};
					999940FC295365B6001B5028 = {
						CreatedOnToolsVersion = 14.2;
						TestTargetID = 999940E2295365B5001B5028;
					};
				};
			};
			buildConfigurationList = 999940DE295365B5001B5028 /* Build configuration list for PBXProject "WildTour" */;
			compatibilityVersion = "Xcode 14.0";
			developmentRegion = en;
			hasScannedForEncodings = 0;
			knownRegions = (
				en,
				Base,
			);
			mainGroup = 999940DA295365B5001B5028;
			productRefGroup = 999940E4295365B5001B5028 /* Products */;
			projectDirPath = "";
			projectRoot = "";
			targets = (
				999940E2295365B5001B5028 /* WildTour */,
				999940F2295365B6001B5028 /* WildTourTests */,
				999940FC295365B6001B5028 /* WildTourUITests */,
			);
		};
/* End PBXProject section */

/* Begin PBXResourcesBuildPhase section */
		999940E1295365B5001B5028 /* Resources */ = {
			isa = PBXResourcesBuildPhase;
			buildActionMask = 2147483647;
			files = (
				99368D8C2998022F0005A169 /* demo_trip.json in Resources */,
				999940EB295365B6001B5028 /* Assets.xcassets in Resources */,
				9988B7B72958F5FC0003E39B /* profileData.json in Resources */,
			);
			runOnlyForDeploymentPostprocessing = 0;
		};
		999940F1295365B6001B5028 /* Resources */ = {
			isa = PBXResourcesBuildPhase;
			buildActionMask = 2147483647;
			files = (
			);
			runOnlyForDeploymentPostprocessing = 0;
		};
		999940FB295365B6001B5028 /* Resources */ = {
			isa = PBXResourcesBuildPhase;
			buildActionMask = 2147483647;
			files = (
			);
			runOnlyForDeploymentPostprocessing = 0;
		};
/* End PBXResourcesBuildPhase section */

/* Begin PBXSourcesBuildPhase section */
		999940DF295365B5001B5028 /* Sources */ = {
			isa = PBXSourcesBuildPhase;
			buildActionMask = 2147483647;
			files = (
				999940E9295365B5001B5028 /* ContentView.swift in Sources */,
				99368D8B2997FFF20005A169 /* Trip.swift in Sources */,
				9999411529538AB6001B5028 /* MapView.swift in Sources */,
				99362A1A2958C12000792041 /* ProfileSummary.swift in Sources */,
				999940E7295365B5001B5028 /* WildTourApp.swift in Sources */,
				99368D9529980D300005A169 /* TripStep.swift in Sources */,
				99362A172958C10700792041 /* ProfileHost.swift in Sources */,
				993AB26B2953C3DC00885001 /* FavoriteButton.swift in Sources */,
				993AB26F2953C5A400885001 /* HexagonParameters.swift in Sources */,
				993AB2672953BD9800885001 /* TripList.swift in Sources */,
				993AB2692953BE1300885001 /* TripDetail.swift in Sources */,
				99368D9729980EE40005A169 /* Step.swift in Sources */,
				99368D91299803830005A169 /* Distance.swift in Sources */,
				9999411329538971001B5028 /* CircleImage.swift in Sources */,
				9999411B2953B8B0001B5028 /* ModelData.swift in Sources */,
				999941242953BA35001B5028 /* TripRow.swift in Sources */,
				99368D93299803930005A169 /* Duration.swift in Sources */,
				99368D8F299802FC0005A169 /* Point.swift in Sources */,
				9988B7B52958E7C00003E39B /* ProfileEditor.swift in Sources */,
				99362A152958C0E800792041 /* Profile.swift in Sources */,
			);
			runOnlyForDeploymentPostprocessing = 0;
		};
		999940EF295365B6001B5028 /* Sources */ = {
			isa = PBXSourcesBuildPhase;
			buildActionMask = 2147483647;
			files = (
				999940F8295365B6001B5028 /* WildTourTests.swift in Sources */,
			);
			runOnlyForDeploymentPostprocessing = 0;
		};
		999940F9295365B6001B5028 /* Sources */ = {
			isa = PBXSourcesBuildPhase;
			buildActionMask = 2147483647;
			files = (
				99994104295365B6001B5028 /* WildTourUITestsLaunchTests.swift in Sources */,
				99994102295365B6001B5028 /* WildTourUITests.swift in Sources */,
			);
			runOnlyForDeploymentPostprocessing = 0;
		};
/* End PBXSourcesBuildPhase section */

/* Begin PBXTargetDependency section */
		999940F5295365B6001B5028 /* PBXTargetDependency */ = {
			isa = PBXTargetDependency;
			target = 999940E2295365B5001B5028 /* WildTour */;
			targetProxy = 999940F4295365B6001B5028 /* PBXContainerItemProxy */;
		};
		999940FF295365B6001B5028 /* PBXTargetDependency */ = {
			isa = PBXTargetDependency;
			target = 999940E2295365B5001B5028 /* WildTour */;
			targetProxy = 999940FE295365B6001B5028 /* PBXContainerItemProxy */;
		};
/* End PBXTargetDependency section */

/* Begin XCBuildConfiguration section */
		99994105295365B6001B5028 /* Debug */ = {
			isa = XCBuildConfiguration;
			buildSettings = {
				ALWAYS_SEARCH_USER_PATHS = NO;
				CLANG_ANALYZER_NONNULL = YES;
				CLANG_ANALYZER_NUMBER_OBJECT_CONVERSION = YES_AGGRESSIVE;
				CLANG_CXX_LANGUAGE_STANDARD = "gnu++20";
				CLANG_ENABLE_MODULES = YES;
				CLANG_ENABLE_OBJC_ARC = YES;
				CLANG_ENABLE_OBJC_WEAK = YES;
				CLANG_WARN_BLOCK_CAPTURE_AUTORELEASING = YES;
				CLANG_WARN_BOOL_CONVERSION = YES;
				CLANG_WARN_COMMA = YES;
				CLANG_WARN_CONSTANT_CONVERSION = YES;
				CLANG_WARN_DEPRECATED_OBJC_IMPLEMENTATIONS = YES;
				CLANG_WARN_DIRECT_OBJC_ISA_USAGE = YES_ERROR;
				CLANG_WARN_DOCUMENTATION_COMMENTS = YES;
				CLANG_WARN_EMPTY_BODY = YES;
				CLANG_WARN_ENUM_CONVERSION = YES;
				CLANG_WARN_INFINITE_RECURSION = YES;
				CLANG_WARN_INT_CONVERSION = YES;
				CLANG_WARN_NON_LITERAL_NULL_CONVERSION = YES;
				CLANG_WARN_OBJC_IMPLICIT_RETAIN_SELF = YES;
				CLANG_WARN_OBJC_LITERAL_CONVERSION = YES;
				CLANG_WARN_OBJC_ROOT_CLASS = YES_ERROR;
				CLANG_WARN_QUOTED_INCLUDE_IN_FRAMEWORK_HEADER = YES;
				CLANG_WARN_RANGE_LOOP_ANALYSIS = YES;
				CLANG_WARN_STRICT_PROTOTYPES = YES;
				CLANG_WARN_SUSPICIOUS_MOVE = YES;
				CLANG_WARN_UNGUARDED_AVAILABILITY = YES_AGGRESSIVE;
				CLANG_WARN_UNREACHABLE_CODE = YES;
				CLANG_WARN__DUPLICATE_METHOD_MATCH = YES;
				COPY_PHASE_STRIP = NO;
				DEBUG_INFORMATION_FORMAT = dwarf;
				ENABLE_STRICT_OBJC_MSGSEND = YES;
				ENABLE_TESTABILITY = YES;
				GCC_C_LANGUAGE_STANDARD = gnu11;
				GCC_DYNAMIC_NO_PIC = NO;
				GCC_NO_COMMON_BLOCKS = YES;
				GCC_OPTIMIZATION_LEVEL = 0;
				GCC_PREPROCESSOR_DEFINITIONS = (
					"DEBUG=1",
					"$(inherited)",
				);
				GCC_WARN_64_TO_32_BIT_CONVERSION = YES;
				GCC_WARN_ABOUT_RETURN_TYPE = YES_ERROR;
				GCC_WARN_UNDECLARED_SELECTOR = YES;
				GCC_WARN_UNINITIALIZED_AUTOS = YES_AGGRESSIVE;
				GCC_WARN_UNUSED_FUNCTION = YES;
				GCC_WARN_UNUSED_VARIABLE = YES;
				IPHONEOS_DEPLOYMENT_TARGET = 16.2;
				MTL_ENABLE_DEBUG_INFO = INCLUDE_SOURCE;
				MTL_FAST_MATH = YES;
				ONLY_ACTIVE_ARCH = YES;
				SDKROOT = iphoneos;
				SWIFT_ACTIVE_COMPILATION_CONDITIONS = DEBUG;
				SWIFT_OPTIMIZATION_LEVEL = "-Onone";
			};
			name = Debug;
		};
		99994106295365B6001B5028 /* Release */ = {
			isa = XCBuildConfiguration;
			buildSettings = {
				ALWAYS_SEARCH_USER_PATHS = NO;
				CLANG_ANALYZER_NONNULL = YES;
				CLANG_ANALYZER_NUMBER_OBJECT_CONVERSION = YES_AGGRESSIVE;
				CLANG_CXX_LANGUAGE_STANDARD = "gnu++20";
				CLANG_ENABLE_MODULES = YES;
				CLANG_ENABLE_OBJC_ARC = YES;
				CLANG_ENABLE_OBJC_WEAK = YES;
				CLANG_WARN_BLOCK_CAPTURE_AUTORELEASING = YES;
				CLANG_WARN_BOOL_CONVERSION = YES;
				CLANG_WARN_COMMA = YES;
				CLANG_WARN_CONSTANT_CONVERSION = YES;
				CLANG_WARN_DEPRECATED_OBJC_IMPLEMENTATIONS = YES;
				CLANG_WARN_DIRECT_OBJC_ISA_USAGE = YES_ERROR;
				CLANG_WARN_DOCUMENTATION_COMMENTS = YES;
				CLANG_WARN_EMPTY_BODY = YES;
				CLANG_WARN_ENUM_CONVERSION = YES;
				CLANG_WARN_INFINITE_RECURSION = YES;
				CLANG_WARN_INT_CONVERSION = YES;
				CLANG_WARN_NON_LITERAL_NULL_CONVERSION = YES;
				CLANG_WARN_OBJC_IMPLICIT_RETAIN_SELF = YES;
				CLANG_WARN_OBJC_LITERAL_CONVERSION = YES;
				CLANG_WARN_OBJC_ROOT_CLASS = YES_ERROR;
				CLANG_WARN_QUOTED_INCLUDE_IN_FRAMEWORK_HEADER = YES;
				CLANG_WARN_RANGE_LOOP_ANALYSIS = YES;
				CLANG_WARN_STRICT_PROTOTYPES = YES;
				CLANG_WARN_SUSPICIOUS_MOVE = YES;
				CLANG_WARN_UNGUARDED_AVAILABILITY = YES_AGGRESSIVE;
				CLANG_WARN_UNREACHABLE_CODE = YES;
				CLANG_WARN__DUPLICATE_METHOD_MATCH = YES;
				COPY_PHASE_STRIP = NO;
				DEBUG_INFORMATION_FORMAT = "dwarf-with-dsym";
				ENABLE_NS_ASSERTIONS = NO;
				ENABLE_STRICT_OBJC_MSGSEND = YES;
				GCC_C_LANGUAGE_STANDARD = gnu11;
				GCC_NO_COMMON_BLOCKS = YES;
				GCC_WARN_64_TO_32_BIT_CONVERSION = YES;
				GCC_WARN_ABOUT_RETURN_TYPE = YES_ERROR;
				GCC_WARN_UNDECLARED_SELECTOR = YES;
				GCC_WARN_UNINITIALIZED_AUTOS = YES_AGGRESSIVE;
				GCC_WARN_UNUSED_FUNCTION = YES;
				GCC_WARN_UNUSED_VARIABLE = YES;
				IPHONEOS_DEPLOYMENT_TARGET = 16.2;
				MTL_ENABLE_DEBUG_INFO = NO;
				MTL_FAST_MATH = YES;
				SDKROOT = iphoneos;
				SWIFT_COMPILATION_MODE = wholemodule;
				SWIFT_OPTIMIZATION_LEVEL = "-O";
				VALIDATE_PRODUCT = YES;
			};
			name = Release;
		};
		99994108295365B6001B5028 /* Debug */ = {
			isa = XCBuildConfiguration;
			buildSettings = {
				ASSETCATALOG_COMPILER_APPICON_NAME = AppIcon;
				ASSETCATALOG_COMPILER_GLOBAL_ACCENT_COLOR_NAME = AccentColor;
				CODE_SIGN_STYLE = Automatic;
				CURRENT_PROJECT_VERSION = 1;
				DEVELOPMENT_ASSET_PATHS = "\"WildTour/Preview Content\"";
				DEVELOPMENT_TEAM = 4ANJ94K9W7;
				ENABLE_PREVIEWS = YES;
				GENERATE_INFOPLIST_FILE = YES;
				INFOPLIST_KEY_UIApplicationSceneManifest_Generation = YES;
				INFOPLIST_KEY_UIApplicationSupportsIndirectInputEvents = YES;
				INFOPLIST_KEY_UILaunchScreen_Generation = YES;
				INFOPLIST_KEY_UIStatusBarStyle = "";
				INFOPLIST_KEY_UISupportedInterfaceOrientations = UIInterfaceOrientationPortrait;
				INFOPLIST_KEY_UISupportedInterfaceOrientations_iPad = "UIInterfaceOrientationLandscapeLeft UIInterfaceOrientationLandscapeRight UIInterfaceOrientationPortrait UIInterfaceOrientationPortraitUpsideDown";
				IPHONEOS_DEPLOYMENT_TARGET = 16.0;
				LD_RUNPATH_SEARCH_PATHS = (
					"$(inherited)",
					"@executable_path/Frameworks",
				);
				MARKETING_VERSION = 1.0;
				PRODUCT_BUNDLE_IDENTIFIER = haskit.WildTour;
				PRODUCT_NAME = "$(TARGET_NAME)";
				SUPPORTED_PLATFORMS = "iphoneos iphonesimulator";
				SUPPORTS_MACCATALYST = NO;
				SUPPORTS_MAC_DESIGNED_FOR_IPHONE_IPAD = NO;
				SWIFT_EMIT_LOC_STRINGS = YES;
				SWIFT_VERSION = 5.0;
				TARGETED_DEVICE_FAMILY = "1,2";
			};
			name = Debug;
		};
		99994109295365B6001B5028 /* Release */ = {
			isa = XCBuildConfiguration;
			buildSettings = {
				ASSETCATALOG_COMPILER_APPICON_NAME = AppIcon;
				ASSETCATALOG_COMPILER_GLOBAL_ACCENT_COLOR_NAME = AccentColor;
				CODE_SIGN_STYLE = Automatic;
				CURRENT_PROJECT_VERSION = 1;
				DEVELOPMENT_ASSET_PATHS = "\"WildTour/Preview Content\"";
				DEVELOPMENT_TEAM = 4ANJ94K9W7;
				ENABLE_PREVIEWS = YES;
				GENERATE_INFOPLIST_FILE = YES;
				INFOPLIST_KEY_UIApplicationSceneManifest_Generation = YES;
				INFOPLIST_KEY_UIApplicationSupportsIndirectInputEvents = YES;
				INFOPLIST_KEY_UILaunchScreen_Generation = YES;
				INFOPLIST_KEY_UIStatusBarStyle = "";
				INFOPLIST_KEY_UISupportedInterfaceOrientations = UIInterfaceOrientationPortrait;
				INFOPLIST_KEY_UISupportedInterfaceOrientations_iPad = "UIInterfaceOrientationLandscapeLeft UIInterfaceOrientationLandscapeRight UIInterfaceOrientationPortrait UIInterfaceOrientationPortraitUpsideDown";
				IPHONEOS_DEPLOYMENT_TARGET = 16.0;
				LD_RUNPATH_SEARCH_PATHS = (
					"$(inherited)",
					"@executable_path/Frameworks",
				);
				MARKETING_VERSION = 1.0;
				PRODUCT_BUNDLE_IDENTIFIER = haskit.WildTour;
				PRODUCT_NAME = "$(TARGET_NAME)";
				SUPPORTED_PLATFORMS = "iphoneos iphonesimulator";
				SUPPORTS_MACCATALYST = NO;
				SUPPORTS_MAC_DESIGNED_FOR_IPHONE_IPAD = NO;
				SWIFT_EMIT_LOC_STRINGS = YES;
				SWIFT_VERSION = 5.0;
				TARGETED_DEVICE_FAMILY = "1,2";
			};
			name = Release;
		};
		9999410B295365B6001B5028 /* Debug */ = {
			isa = XCBuildConfiguration;
			buildSettings = {
				ALWAYS_EMBED_SWIFT_STANDARD_LIBRARIES = YES;
				BUNDLE_LOADER = "$(TEST_HOST)";
				CODE_SIGN_STYLE = Automatic;
				CURRENT_PROJECT_VERSION = 1;
				GENERATE_INFOPLIST_FILE = YES;
				IPHONEOS_DEPLOYMENT_TARGET = 16.2;
				MARKETING_VERSION = 1.0;
				PRODUCT_BUNDLE_IDENTIFIER = haskit.WildTourTests;
				PRODUCT_NAME = "$(TARGET_NAME)";
				SWIFT_EMIT_LOC_STRINGS = NO;
				SWIFT_VERSION = 5.0;
				TARGETED_DEVICE_FAMILY = "1,2";
				TEST_HOST = "$(BUILT_PRODUCTS_DIR)/WildTour.app/$(BUNDLE_EXECUTABLE_FOLDER_PATH)/WildTour";
			};
			name = Debug;
		};
		9999410C295365B6001B5028 /* Release */ = {
			isa = XCBuildConfiguration;
			buildSettings = {
				ALWAYS_EMBED_SWIFT_STANDARD_LIBRARIES = YES;
				BUNDLE_LOADER = "$(TEST_HOST)";
				CODE_SIGN_STYLE = Automatic;
				CURRENT_PROJECT_VERSION = 1;
				GENERATE_INFOPLIST_FILE = YES;
				IPHONEOS_DEPLOYMENT_TARGET = 16.2;
				MARKETING_VERSION = 1.0;
				PRODUCT_BUNDLE_IDENTIFIER = haskit.WildTourTests;
				PRODUCT_NAME = "$(TARGET_NAME)";
				SWIFT_EMIT_LOC_STRINGS = NO;
				SWIFT_VERSION = 5.0;
				TARGETED_DEVICE_FAMILY = "1,2";
				TEST_HOST = "$(BUILT_PRODUCTS_DIR)/WildTour.app/$(BUNDLE_EXECUTABLE_FOLDER_PATH)/WildTour";
			};
			name = Release;
		};
		9999410E295365B6001B5028 /* Debug */ = {
			isa = XCBuildConfiguration;
			buildSettings = {
				ALWAYS_EMBED_SWIFT_STANDARD_LIBRARIES = YES;
				CODE_SIGN_STYLE = Automatic;
				CURRENT_PROJECT_VERSION = 1;
				GENERATE_INFOPLIST_FILE = YES;
				MARKETING_VERSION = 1.0;
				PRODUCT_BUNDLE_IDENTIFIER = haskit.WildTourUITests;
				PRODUCT_NAME = "$(TARGET_NAME)";
				SWIFT_EMIT_LOC_STRINGS = NO;
				SWIFT_VERSION = 5.0;
				TARGETED_DEVICE_FAMILY = "1,2";
				TEST_TARGET_NAME = WildTour;
			};
			name = Debug;
		};
		9999410F295365B6001B5028 /* Release */ = {
			isa = XCBuildConfiguration;
			buildSettings = {
				ALWAYS_EMBED_SWIFT_STANDARD_LIBRARIES = YES;
				CODE_SIGN_STYLE = Automatic;
				CURRENT_PROJECT_VERSION = 1;
				GENERATE_INFOPLIST_FILE = YES;
				MARKETING_VERSION = 1.0;
				PRODUCT_BUNDLE_IDENTIFIER = haskit.WildTourUITests;
				PRODUCT_NAME = "$(TARGET_NAME)";
				SWIFT_EMIT_LOC_STRINGS = NO;
				SWIFT_VERSION = 5.0;
				TARGETED_DEVICE_FAMILY = "1,2";
				TEST_TARGET_NAME = WildTour;
			};
			name = Release;
		};
/* End XCBuildConfiguration section */

/* Begin XCConfigurationList section */
		999940DE295365B5001B5028 /* Build configuration list for PBXProject "WildTour" */ = {
			isa = XCConfigurationList;
			buildConfigurations = (
				99994105295365B6001B5028 /* Debug */,
				99994106295365B6001B5028 /* Release */,
			);
			defaultConfigurationIsVisible = 0;
			defaultConfigurationName = Release;
		};
		99994107295365B6001B5028 /* Build configuration list for PBXNativeTarget "WildTour" */ = {
			isa = XCConfigurationList;
			buildConfigurations = (
				99994108295365B6001B5028 /* Debug */,
				99994109295365B6001B5028 /* Release */,
			);
			defaultConfigurationIsVisible = 0;
			defaultConfigurationName = Release;
		};
		9999410A295365B6001B5028 /* Build configuration list for PBXNativeTarget "WildTourTests" */ = {
			isa = XCConfigurationList;
			buildConfigurations = (
				9999410B295365B6001B5028 /* Debug */,
				9999410C295365B6001B5028 /* Release */,
			);
			defaultConfigurationIsVisible = 0;
			defaultConfigurationName = Release;
		};
		9999410D295365B6001B5028 /* Build configuration list for PBXNativeTarget "WildTourUITests" */ = {
			isa = XCConfigurationList;
			buildConfigurations = (
				9999410E295365B6001B5028 /* Debug */,
				9999410F295365B6001B5028 /* Release */,
			);
			defaultConfigurationIsVisible = 0;
			defaultConfigurationName = Release;
		};
/* End XCConfigurationList section */
	};
	rootObject = 999940DB295365B5001B5028 /* Project object */;
}
